<?xml version="1.0" encoding="utf-8"?>
<Project ToolsVersion="4.0" xmlns="http://schemas.microsoft.com/developer/msbuild/2003">
  <ItemGroup>
    <Filter Include="ソース ファイル">
      <UniqueIdentifier>{4FC737F1-C7A5-4376-A066-2A32D752A2FF}</UniqueIdentifier>
      <Extensions>cpp;c;cc;cxx;c++;cppm;ixx;def;odl;idl;hpj;bat;asm;asmx</Extensions>
    </Filter>
    <Filter Include="ヘッダー ファイル">
      <UniqueIdentifier>{93995380-89BD-4b04-88EB-625FBE52EBFB}</UniqueIdentifier>
      <Extensions>h;hh;hpp;hxx;h++;hm;inl;inc;ipp;xsd</Extensions>
    </Filter>
    <Filter Include="リソース ファイル">
      <UniqueIdentifier>{67DA6AB6-F800-4c08-8B7A-83BB121AAD01}</UniqueIdentifier>
      <Extensions>rc;ico;cur;bmp;dlg;rc2;rct;bin;rgs;gif;jpg;jpeg;jpe;resx;tiff;tif;png;wav;mfcribbon-ms</Extensions>
    </Filter>
    <Filter Include="ソース ファイル\C+lan">
      <UniqueIdentifier>{e2e44330-3549-458d-b053-2dc83ef8cf79}</UniqueIdentifier>
    </Filter>
    <Filter Include="ソース ファイル\C+lan\PrivateSystem">
      <UniqueIdentifier>{43018de1-f40c-4034-b5f5-64cd50d34db1}</UniqueIdentifier>
    </Filter>
    <Filter Include="ソース ファイル\C+lan\EngineObject">
      <UniqueIdentifier>{cf1c0d5c-a8c5-47fe-acaf-bb5297399adf}</UniqueIdentifier>
    </Filter>
    <Filter Include="ソース ファイル\C+lan\PublicSystem">
      <UniqueIdentifier>{80d6f670-cc48-4fc6-a8c8-f6d2b38ccf5b}</UniqueIdentifier>
    </Filter>
    <Filter Include="ソース ファイル\C+lan\PublicSystem\EachFunction">
      <UniqueIdentifier>{841460c5-dd6f-4ed6-9b0a-f4de078ddda4}</UniqueIdentifier>
    </Filter>
    <Filter Include="ソース ファイル\C+lan\EngineScene">
      <UniqueIdentifier>{e6ea9ee8-28f7-4fb0-a818-e2f516124191}</UniqueIdentifier>
    </Filter>
    <Filter Include="ソース ファイル\C+lan\PrivateSystem\EachFunction">
      <UniqueIdentifier>{fd88b160-6c1b-4aa6-b59a-1e0bdfbf8634}</UniqueIdentifier>
    </Filter>
    <Filter Include="ソース ファイル\C+lan\PrivateSystem\SystemManager">
      <UniqueIdentifier>{23ac9fe5-3e91-44b2-9932-96fa6f24e151}</UniqueIdentifier>
    </Filter>
    <Filter Include="ヘッダー ファイル\C+lan">
      <UniqueIdentifier>{06c7b33c-d1a1-48b7-9cff-258824348627}</UniqueIdentifier>
    </Filter>
    <Filter Include="ヘッダー ファイル\C+lan\PrivateSystem">
      <UniqueIdentifier>{612b2f3d-0068-4914-9ca7-a5a1f9a66471}</UniqueIdentifier>
    </Filter>
    <Filter Include="ヘッダー ファイル\C+lan\PrivateSystem\SystemManager">
      <UniqueIdentifier>{9d1b3982-5d01-44db-8dab-7f272843b68a}</UniqueIdentifier>
    </Filter>
    <Filter Include="ヘッダー ファイル\C+lan\EngineObject">
      <UniqueIdentifier>{464dc57b-aff9-4e30-a3db-989f326269b4}</UniqueIdentifier>
    </Filter>
    <Filter Include="ヘッダー ファイル\C+lan\EngineScene">
      <UniqueIdentifier>{3234c48b-a086-4c12-b671-846f10d155a9}</UniqueIdentifier>
    </Filter>
    <Filter Include="ヘッダー ファイル\C+lan\PublicSystem">
      <UniqueIdentifier>{d4a35022-9791-4f3b-b7c7-4575b640ce19}</UniqueIdentifier>
    </Filter>
    <Filter Include="ヘッダー ファイル\C+lan\PrivateSystem\EachFunction">
      <UniqueIdentifier>{e5794ff4-b402-4e80-a001-94e0e92383a1}</UniqueIdentifier>
    </Filter>
    <Filter Include="ヘッダー ファイル\C+lan\PublicSystem\EachFunction">
      <UniqueIdentifier>{9857ac5f-fdc2-48bb-8198-fe4f4a3136c0}</UniqueIdentifier>
    </Filter>
    <Filter Include="ヘッダー ファイル\C+lan\PrivateSystem\NetWork">
      <UniqueIdentifier>{bdec1263-8edb-40a1-a70d-0ab569445216}</UniqueIdentifier>
    </Filter>
    <Filter Include="ソース ファイル\C+lan\PrivateSystem\NetWork">
      <UniqueIdentifier>{8663be31-91a4-41fb-848f-202eea568e34}</UniqueIdentifier>
    </Filter>
    <Filter Include="ソース ファイル\C+lan\EngineObject\Gizmo">
      <UniqueIdentifier>{ab7f1030-f648-4c41-ac4f-9d412773cf84}</UniqueIdentifier>
    </Filter>
    <Filter Include="ヘッダー ファイル\C+lan\EngineObject\Gizmo">
      <UniqueIdentifier>{0013dc41-055d-4759-847d-a3574e3847b8}</UniqueIdentifier>
    </Filter>
  </ItemGroup>
  <ItemGroup>
    <ClCompile Include="Meteor.cpp">
      <Filter>ソース ファイル</Filter>
    </ClCompile>
    <ClCompile Include="MeteorPool.cpp">
      <Filter>ソース ファイル</Filter>
    </ClCompile>
    <ClCompile Include="Particle.cpp">
      <Filter>ソース ファイル</Filter>
    </ClCompile>
    <ClCompile Include="ParticlePool.cpp">
      <Filter>ソース ファイル</Filter>
    </ClCompile>
    <ClCompile Include="SpectatorCamera.cpp">
      <Filter>ソース ファイル\C+lan\EngineObject</Filter>
    </ClCompile>
    <ClCompile Include="TemplateCube.cpp">
      <Filter>ソース ファイル\C+lan\EngineObject</Filter>
    </ClCompile>
    <ClCompile Include="TemplateText.cpp">
      <Filter>ソース ファイル\C+lan\EngineObject</Filter>
    </ClCompile>
    <ClCompile Include="Application.cpp">
      <Filter>ソース ファイル\C+lan\PrivateSystem</Filter>
    </ClCompile>
    <ClCompile Include="BoxCollider.cpp">
      <Filter>ソース ファイル\C+lan\PublicSystem\EachFunction</Filter>
    </ClCompile>
    <ClCompile Include="CalculationHit.cpp">
      <Filter>ソース ファイル\C+lan\PublicSystem</Filter>
    </ClCompile>
    <ClCompile Include="Camera.cpp">
      <Filter>ソース ファイル\C+lan\PublicSystem\EachFunction</Filter>
    </ClCompile>
    <ClCompile Include="Color.cpp">
      <Filter>ソース ファイル\C+lan\PublicSystem</Filter>
    </ClCompile>
    <ClCompile Include="Component.cpp">
      <Filter>ソース ファイル\C+lan\PrivateSystem</Filter>
    </ClCompile>
    <ClCompile Include="EditScene.cpp">
      <Filter>ソース ファイル\C+lan\EngineScene</Filter>
    </ClCompile>
    <ClCompile Include="FileReader.cpp">
      <Filter>ソース ファイル\C+lan\PrivateSystem</Filter>
    </ClCompile>
    <ClCompile Include="GameObject.cpp">
      <Filter>ソース ファイル\C+lan\PublicSystem</Filter>
    </ClCompile>
    <ClCompile Include="KeyInput.cpp">
      <Filter>ソース ファイル\C+lan\PublicSystem</Filter>
    </ClCompile>
    <ClCompile Include="LaunchSceneInformation.cpp">
      <Filter>ソース ファイル\C+lan\PrivateSystem</Filter>
    </ClCompile>
    <ClCompile Include="PositionGizmo.cpp">
      <Filter>ソース ファイル\C+lan\EngineObject\Gizmo</Filter>
    </ClCompile>
    <ClCompile Include="PositionXGizmo.cpp">
      <Filter>ソース ファイル\C+lan\EngineObject\Gizmo</Filter>
    </ClCompile>
    <ClCompile Include="PositionYGizmo.cpp">
      <Filter>ソース ファイル\C+lan\EngineObject\Gizmo</Filter>
    </ClCompile>
    <ClCompile Include="PositionZGizmo.cpp">
      <Filter>ソース ファイル\C+lan\EngineObject\Gizmo</Filter>
    </ClCompile>
    <ClCompile Include="Material.cpp">
      <Filter>ソース ファイル\C+lan\PublicSystem\EachFunction</Filter>
    </ClCompile>
    <ClCompile Include="modelRenderer.cpp">
      <Filter>ソース ファイル\C+lan\PrivateSystem\EachFunction</Filter>
    </ClCompile>
    <ClCompile Include="MouseInput.cpp">
      <Filter>ソース ファイル\C+lan\PublicSystem</Filter>
    </ClCompile>
    <ClCompile Include="renderer.cpp">
      <Filter>ソース ファイル\C+lan\PrivateSystem</Filter>
    </ClCompile>
    <ClCompile Include="SceneManager.cpp">
      <Filter>ソース ファイル\C+lan\PublicSystem</Filter>
    </ClCompile>
    <ClCompile Include="SceneBase.cpp">
      <Filter>ソース ファイル\C+lan\PrivateSystem</Filter>
    </ClCompile>
    <ClCompile Include="ScreenInput.cpp">
      <Filter>ソース ファイル\C+lan\PublicSystem</Filter>
    </ClCompile>
    <ClCompile Include="Shader.cpp">
      <Filter>ソース ファイル\C+lan\PublicSystem\EachFunction</Filter>
    </ClCompile>
    <ClCompile Include="Text.cpp">
      <Filter>ソース ファイル\C+lan\PublicSystem\EachFunction</Filter>
    </ClCompile>
    <ClCompile Include="Time.cpp">
      <Filter>ソース ファイル\C+lan\PublicSystem</Filter>
    </ClCompile>
    <ClCompile Include="TextRenderer.cpp">
      <Filter>ソース ファイル\C+lan\PrivateSystem\EachFunction</Filter>
    </ClCompile>
    <ClCompile Include="Vector2.cpp">
      <Filter>ソース ファイル\C+lan\PublicSystem</Filter>
    </ClCompile>
    <ClCompile Include="Vector3.cpp">
      <Filter>ソース ファイル\C+lan\PublicSystem</Filter>
    </ClCompile>
    <ClCompile Include="ShortCutKey.cpp">
      <Filter>ソース ファイル\C+lan\PrivateSystem</Filter>
    </ClCompile>
    <ClCompile Include="Transform.cpp">
      <Filter>ソース ファイル\C+lan\PublicSystem\EachFunction</Filter>
    </ClCompile>
    <ClCompile Include="utftosjisconv.cpp">
      <Filter>ソース ファイル\C+lan\PrivateSystem</Filter>
    </ClCompile>
    <ClCompile Include="WindowMenu.cpp">
      <Filter>ソース ファイル\C+lan\PrivateSystem</Filter>
    </ClCompile>
    <ClCompile Include="SystemCollisionManager.cpp">
      <Filter>ソース ファイル\C+lan\PrivateSystem\SystemManager</Filter>
    </ClCompile>
    <ClCompile Include="SystemComponentManager.cpp">
      <Filter>ソース ファイル\C+lan\PrivateSystem\SystemManager</Filter>
    </ClCompile>
    <ClCompile Include="SystemGameObjectManager.cpp">
      <Filter>ソース ファイル\C+lan\PrivateSystem\SystemManager</Filter>
    </ClCompile>
    <ClCompile Include="SystemKeyInputManager.cpp">
      <Filter>ソース ファイル\C+lan\PrivateSystem\SystemManager</Filter>
    </ClCompile>
    <ClCompile Include="SystemMainManager.cpp">
      <Filter>ソース ファイル\C+lan\PrivateSystem\SystemManager</Filter>
    </ClCompile>
    <ClCompile Include="SystemMouseInputManager.cpp">
      <Filter>ソース ファイル\C+lan\PrivateSystem\SystemManager</Filter>
    </ClCompile>
    <ClCompile Include="SystemNetWorkManager.cpp">
      <Filter>ソース ファイル\C+lan\PrivateSystem\SystemManager</Filter>
    </ClCompile>
    <ClCompile Include="SystemSceneManager.cpp">
      <Filter>ソース ファイル\C+lan\PrivateSystem\SystemManager</Filter>
    </ClCompile>
    <ClCompile Include="SystemTextRendererManager.cpp">
      <Filter>ソース ファイル\C+lan\PrivateSystem\SystemManager</Filter>
    </ClCompile>
    <ClCompile Include="SystemTimeManager.cpp">
      <Filter>ソース ファイル\C+lan\PrivateSystem\SystemManager</Filter>
    </ClCompile>
    <ClCompile Include="EachFunction.cpp">
      <Filter>ソース ファイル\C+lan\PrivateSystem\EachFunction</Filter>
    </ClCompile>
    <ClCompile Include="Server.cpp">
      <Filter>ソース ファイル\C+lan\PrivateSystem\NetWork</Filter>
    </ClCompile>
    <ClCompile Include="Main.cpp">
      <Filter>ソース ファイル</Filter>
    </ClCompile>
  </ItemGroup>
  <ItemGroup>
    <ClInclude Include="Meteor.h">
      <Filter>ヘッダー ファイル</Filter>
    </ClInclude>
    <ClInclude Include="MeteorPool.h">
      <Filter>ヘッダー ファイル</Filter>
    </ClInclude>
    <ClInclude Include="Particle.h">
      <Filter>ヘッダー ファイル</Filter>
    </ClInclude>
    <ClInclude Include="ParticlePool.h">
      <Filter>ヘッダー ファイル</Filter>
    </ClInclude>
    <ClInclude Include="SystemCollisionManager.h">
      <Filter>ヘッダー ファイル\C+lan\PrivateSystem\SystemManager</Filter>
    </ClInclude>
    <ClInclude Include="SystemComponentManager.h">
      <Filter>ヘッダー ファイル\C+lan\PrivateSystem\SystemManager</Filter>
    </ClInclude>
    <ClInclude Include="SystemGameObjectManager.h">
      <Filter>ヘッダー ファイル\C+lan\PrivateSystem\SystemManager</Filter>
    </ClInclude>
    <ClInclude Include="SystemKeyInputManager.h">
      <Filter>ヘッダー ファイル\C+lan\PrivateSystem\SystemManager</Filter>
    </ClInclude>
    <ClInclude Include="SystemMainManager.h">
      <Filter>ヘッダー ファイル\C+lan\PrivateSystem\SystemManager</Filter>
    </ClInclude>
    <ClInclude Include="SystemMouseInputManager.h">
      <Filter>ヘッダー ファイル\C+lan\PrivateSystem\SystemManager</Filter>
    </ClInclude>
    <ClInclude Include="SystemNetWorkManager.h">
      <Filter>ヘッダー ファイル\C+lan\PrivateSystem\SystemManager</Filter>
    </ClInclude>
    <ClInclude Include="SystemSceneManager.h">
      <Filter>ヘッダー ファイル\C+lan\PrivateSystem\SystemManager</Filter>
    </ClInclude>
    <ClInclude Include="SystemTextRendererManager.h">
      <Filter>ヘッダー ファイル\C+lan\PrivateSystem\SystemManager</Filter>
    </ClInclude>
    <ClInclude Include="SystemTimeManager.h">
      <Filter>ヘッダー ファイル\C+lan\PrivateSystem\SystemManager</Filter>
    </ClInclude>
    <ClInclude Include="Application.h">
      <Filter>ヘッダー ファイル\C+lan\PrivateSystem</Filter>
    </ClInclude>
    <ClInclude Include="BoxCollider.h">
      <Filter>ヘッダー ファイル\C+lan\PublicSystem\EachFunction</Filter>
    </ClInclude>
    <ClInclude Include="CalculationHit.h">
      <Filter>ヘッダー ファイル\C+lan\PublicSystem</Filter>
    </ClInclude>
    <ClInclude Include="Camera.h">
      <Filter>ヘッダー ファイル\C+lan\PublicSystem\EachFunction</Filter>
    </ClInclude>
    <ClInclude Include="Color.h">
      <Filter>ヘッダー ファイル\C+lan\PublicSystem</Filter>
    </ClInclude>
    <ClInclude Include="Component.h">
      <Filter>ヘッダー ファイル\C+lan\PrivateSystem</Filter>
    </ClInclude>
    <ClInclude Include="EachFunction.h">
      <Filter>ヘッダー ファイル\C+lan\PrivateSystem\EachFunction</Filter>
    </ClInclude>
    <ClInclude Include="EditScene.h">
      <Filter>ヘッダー ファイル\C+lan\EngineScene</Filter>
    </ClInclude>
    <ClInclude Include="FileReader.h">
      <Filter>ヘッダー ファイル\C+lan\PrivateSystem</Filter>
    </ClInclude>
    <ClInclude Include="GameObject.h">
      <Filter>ヘッダー ファイル\C+lan\PrivateSystem</Filter>
    </ClInclude>
    <ClInclude Include="InputPartsName.h">
      <Filter>ヘッダー ファイル\C+lan\PublicSystem</Filter>
    </ClInclude>
    <ClInclude Include="KeyInput.h">
      <Filter>ヘッダー ファイル\C+lan\PublicSystem</Filter>
    </ClInclude>
    <ClInclude Include="LaunchSceneInformation.h">
      <Filter>ヘッダー ファイル\C+lan\PrivateSystem</Filter>
    </ClInclude>
    <ClInclude Include="PositionGizmo.h">
      <Filter>ヘッダー ファイル\C+lan\EngineObject\Gizmo</Filter>
    </ClInclude>
    <ClInclude Include="PositionXGizmo.h">
      <Filter>ヘッダー ファイル\C+lan\EngineObject\Gizmo</Filter>
    </ClInclude>
    <ClInclude Include="PositionYGizmo.h">
      <Filter>ヘッダー ファイル\C+lan\EngineObject\Gizmo</Filter>
    </ClInclude>
    <ClInclude Include="PositionZGizmo.h">
      <Filter>ヘッダー ファイル\C+lan\EngineObject\Gizmo</Filter>
    </ClInclude>
    <ClInclude Include="Material.h">
      <Filter>ヘッダー ファイル\C+lan\PublicSystem\EachFunction</Filter>
    </ClInclude>
    <ClInclude Include="modelRenderer.h">
      <Filter>ヘッダー ファイル\C+lan\PrivateSystem\EachFunction</Filter>
    </ClInclude>
    <ClInclude Include="MouseInput.h">
      <Filter>ヘッダー ファイル\C+lan\PublicSystem</Filter>
    </ClInclude>
    <ClInclude Include="renderer.h">
      <Filter>ヘッダー ファイル\C+lan\PrivateSystem</Filter>
    </ClInclude>
    <ClInclude Include="SceneBase.h">
      <Filter>ヘッダー ファイル\C+lan\PrivateSystem</Filter>
    </ClInclude>
    <ClInclude Include="SceneManager.h">
      <Filter>ヘッダー ファイル\C+lan\PublicSystem</Filter>
    </ClInclude>
    <ClInclude Include="ScreenInput.h">
      <Filter>ヘッダー ファイル\C+lan\PublicSystem</Filter>
    </ClInclude>
    <ClInclude Include="Vector3.h">
      <Filter>ヘッダー ファイル\C+lan\PublicSystem</Filter>
    </ClInclude>
    <ClInclude Include="Vector2.h">
      <Filter>ヘッダー ファイル\C+lan\PublicSystem</Filter>
    </ClInclude>
    <ClInclude Include="TemplateText.h">
      <Filter>ヘッダー ファイル\C+lan\EngineObject</Filter>
    </ClInclude>
    <ClInclude Include="TemplateCube.h">
      <Filter>ヘッダー ファイル\C+lan\EngineObject</Filter>
    </ClInclude>
    <ClInclude Include="SpectatorCamera.h">
      <Filter>ヘッダー ファイル\C+lan\EngineObject</Filter>
    </ClInclude>
    <ClInclude Include="Shader.h">
      <Filter>ヘッダー ファイル\C+lan\PublicSystem\EachFunction</Filter>
    </ClInclude>
    <ClInclude Include="Text.h">
      <Filter>ヘッダー ファイル\C+lan\PublicSystem\EachFunction</Filter>
    </ClInclude>
    <ClInclude Include="TextRenderer.h">
      <Filter>ヘッダー ファイル\C+lan\PrivateSystem\EachFunction</Filter>
    </ClInclude>
    <ClInclude Include="Time.h">
      <Filter>ヘッダー ファイル\C+lan\PublicSystem</Filter>
    </ClInclude>
    <ClInclude Include="Transform.h">
      <Filter>ヘッダー ファイル\C+lan\PublicSystem\EachFunction</Filter>
    </ClInclude>
    <ClInclude Include="WindowMenu.h">
      <Filter>ヘッダー ファイル\C+lan\PrivateSystem</Filter>
    </ClInclude>
    <ClInclude Include="utftosjisconv.h">
      <Filter>ヘッダー ファイル\C+lan\PrivateSystem</Filter>
    </ClInclude>
    <ClInclude Include="Message.h">
      <Filter>ヘッダー ファイル\C+lan\PrivateSystem\NetWork</Filter>
    </ClInclude>
    <ClInclude Include="Server.h">
      <Filter>ヘッダー ファイル\C+lan\PrivateSystem\NetWork</Filter>
    </ClInclude>
    <ClInclude Include="ShortCutKey.h">
      <Filter>ヘッダー ファイル\C+lan\PrivateSystem</Filter>
    </ClInclude>
    <ClInclude Include="C+lan.h">
      <Filter>ヘッダー ファイル</Filter>
    </ClInclude>
  </ItemGroup>
</Project>