<?xml version="1.0" encoding="utf-8"?>
<Project ToolsVersion="4.0" xmlns="http://schemas.microsoft.com/developer/msbuild/2003">
  <ItemGroup>
    <Filter Include="ソース ファイル">
      <UniqueIdentifier>{4FC737F1-C7A5-4376-A066-2A32D752A2FF}</UniqueIdentifier>
      <Extensions>cpp;c;cc;cxx;c++;cppm;ixx;def;odl;idl;hpj;bat;asm;asmx</Extensions>
    </Filter>
    <Filter Include="ヘッダー ファイル">
      <UniqueIdentifier>{93995380-89BD-4b04-88EB-625FBE52EBFB}</UniqueIdentifier>
      <Extensions>h;hh;hpp;hxx;h++;hm;inl;inc;ipp;xsd</Extensions>
    </Filter>
    <Filter Include="リソース ファイル">
      <UniqueIdentifier>{67DA6AB6-F800-4c08-8B7A-83BB121AAD01}</UniqueIdentifier>
      <Extensions>rc;ico;cur;bmp;dlg;rc2;rct;bin;rgs;gif;jpg;jpeg;jpe;resx;tiff;tif;png;wav;mfcribbon-ms</Extensions>
    </Filter>
    <Filter Include="ソース ファイル\PublicSystem">
      <UniqueIdentifier>{1fba37ca-ae7d-4132-addc-f1f2fd622150}</UniqueIdentifier>
    </Filter>
    <Filter Include="ソース ファイル\PrivateSystem">
      <UniqueIdentifier>{0d1afdee-7df4-4628-9632-8e9ec5d0ef2b}</UniqueIdentifier>
    </Filter>
    <Filter Include="ヘッダー ファイル\PrivateSystem">
      <UniqueIdentifier>{8cd681c2-39e9-4c02-9fba-a6264dafd100}</UniqueIdentifier>
    </Filter>
    <Filter Include="ヘッダー ファイル\PublicSystem">
      <UniqueIdentifier>{11bb6d73-0db0-4a9e-b8fc-f917b8d50e9f}</UniqueIdentifier>
    </Filter>
    <Filter Include="ソース ファイル\yUno_SystemManager">
      <UniqueIdentifier>{4d155bca-0c5a-4b57-971f-51658a2f6e66}</UniqueIdentifier>
    </Filter>
    <Filter Include="ヘッダー ファイル\yUno_SystemManager">
      <UniqueIdentifier>{393e188b-4d8f-4765-851c-531ebbf46c89}</UniqueIdentifier>
    </Filter>
    <Filter Include="ソース ファイル\yUno_SceneManagement">
      <UniqueIdentifier>{77eea612-2da2-4c7d-865c-233f3de19135}</UniqueIdentifier>
    </Filter>
    <Filter Include="ヘッダー ファイル\yUno_SceneManagement">
      <UniqueIdentifier>{240b10ac-fccf-435e-9077-0145bec65e23}</UniqueIdentifier>
    </Filter>
    <Filter Include="ヘッダー ファイル\PublicSystem\Inheritance&quot;EachFunction&quot;">
      <UniqueIdentifier>{8a28de4d-f182-4575-8d1f-6711415297c1}</UniqueIdentifier>
    </Filter>
    <Filter Include="ソース ファイル\PublicSystem\Inheritance&quot;EachFunction&quot;">
      <UniqueIdentifier>{54653d98-b0a0-42a5-888f-a31d2cd39bba}</UniqueIdentifier>
    </Filter>
  </ItemGroup>
  <ItemGroup>
    <ClCompile Include="GameObject.cpp">
      <Filter>ソース ファイル\PublicSystem</Filter>
    </ClCompile>
    <ClCompile Include="KeyInput.cpp">
      <Filter>ソース ファイル\PublicSystem</Filter>
    </ClCompile>
    <ClCompile Include="Time.cpp">
      <Filter>ソース ファイル\PublicSystem</Filter>
    </ClCompile>
    <ClCompile Include="yUno_KeyInputManager.cpp">
      <Filter>ソース ファイル\yUno_SystemManager</Filter>
    </ClCompile>
    <ClCompile Include="yUno_TimeManager.cpp">
      <Filter>ソース ファイル\yUno_SystemManager</Filter>
    </ClCompile>
    <ClCompile Include="Component.cpp">
      <Filter>ソース ファイル\PrivateSystem</Filter>
    </ClCompile>
    <ClCompile Include="Matrix.cpp">
      <Filter>ソース ファイル\PublicSystem</Filter>
    </ClCompile>
    <ClCompile Include="yUno_SceneManager.cpp">
      <Filter>ソース ファイル\yUno_SystemManager</Filter>
    </ClCompile>
    <ClCompile Include="Vector3.cpp">
      <Filter>ソース ファイル\PublicSystem</Filter>
    </ClCompile>
    <ClCompile Include="SampleScene.cpp">
      <Filter>ソース ファイル</Filter>
    </ClCompile>
    <ClCompile Include="yUno_MainManager.cpp">
      <Filter>ソース ファイル\PrivateSystem</Filter>
    </ClCompile>
    <ClCompile Include="SceneManager.cpp">
      <Filter>ソース ファイル\yUno_SceneManagement</Filter>
    </ClCompile>
    <ClCompile Include="renderer.cpp">
      <Filter>ソース ファイル\PrivateSystem</Filter>
    </ClCompile>
    <ClCompile Include="utftosjisconv.cpp">
      <Filter>ソース ファイル</Filter>
    </ClCompile>
    <ClCompile Include="Test.cpp">
      <Filter>ソース ファイル</Filter>
    </ClCompile>
    <ClCompile Include="SpectatorCamera.cpp">
      <Filter>ソース ファイル</Filter>
    </ClCompile>
    <ClCompile Include="Application.cpp">
      <Filter>ソース ファイル\PrivateSystem</Filter>
    </ClCompile>
    <ClCompile Include="EachFunction.cpp">
      <Filter>ソース ファイル\PrivateSystem</Filter>
    </ClCompile>
    <ClCompile Include="Main.cpp">
      <Filter>ソース ファイル\PrivateSystem</Filter>
    </ClCompile>
    <ClCompile Include="modelRenderer.cpp">
      <Filter>ソース ファイル\PrivateSystem</Filter>
    </ClCompile>
    <ClCompile Include="Camera.cpp">
      <Filter>ソース ファイル\PublicSystem\Inheritance"EachFunction"</Filter>
    </ClCompile>
    <ClCompile Include="Transform.cpp">
      <Filter>ソース ファイル\PublicSystem\Inheritance"EachFunction"</Filter>
    </ClCompile>
    <ClCompile Include="ScreenInput.cpp">
      <Filter>ソース ファイル</Filter>
    </ClCompile>
    <ClCompile Include="Vector2.cpp">
      <Filter>ソース ファイル</Filter>
    </ClCompile>
    <ClCompile Include="MouseInput.cpp">
      <Filter>ソース ファイル</Filter>
    </ClCompile>
    <ClCompile Include="BoxCollider.cpp">
      <Filter>ソース ファイル</Filter>
    </ClCompile>
    <ClCompile Include="Test2.cpp">
      <Filter>ソース ファイル</Filter>
    </ClCompile>
    <ClCompile Include="CalculationHit.cpp">
      <Filter>ソース ファイル</Filter>
    </ClCompile>
    <ClCompile Include="yUno_MouseInputManager.cpp">
      <Filter>ソース ファイル\yUno_SystemManager</Filter>
    </ClCompile>
  </ItemGroup>
  <ItemGroup>
    <ClInclude Include="Component.h">
      <Filter>ヘッダー ファイル\PrivateSystem</Filter>
    </ClInclude>
    <ClInclude Include="KeyInput.h">
      <Filter>ヘッダー ファイル\PublicSystem</Filter>
    </ClInclude>
    <ClInclude Include="InputPartsName.h">
      <Filter>ヘッダー ファイル\PublicSystem</Filter>
    </ClInclude>
    <ClInclude Include="Time.h">
      <Filter>ヘッダー ファイル\PublicSystem</Filter>
    </ClInclude>
    <ClInclude Include="yUno_KeyInputManager.h">
      <Filter>ヘッダー ファイル\yUno_SystemManager</Filter>
    </ClInclude>
    <ClInclude Include="yUno_TimeManager.h">
      <Filter>ヘッダー ファイル\yUno_SystemManager</Filter>
    </ClInclude>
    <ClInclude Include="Matrix.h">
      <Filter>ヘッダー ファイル\PublicSystem</Filter>
    </ClInclude>
    <ClInclude Include="yUno_SceneManager.h">
      <Filter>ヘッダー ファイル\yUno_SystemManager</Filter>
    </ClInclude>
    <ClInclude Include="Vector3.h">
      <Filter>ヘッダー ファイル\PublicSystem</Filter>
    </ClInclude>
    <ClInclude Include="SampleScene.h">
      <Filter>ヘッダー ファイル</Filter>
    </ClInclude>
    <ClInclude Include="SceneManager.h">
      <Filter>ヘッダー ファイル\yUno_SceneManagement</Filter>
    </ClInclude>
    <ClInclude Include="renderer.h">
      <Filter>ヘッダー ファイル\PrivateSystem</Filter>
    </ClInclude>
    <ClInclude Include="yUno_MainManager.h">
      <Filter>ヘッダー ファイル\PrivateSystem</Filter>
    </ClInclude>
    <ClInclude Include="utftosjisconv.h">
      <Filter>ヘッダー ファイル</Filter>
    </ClInclude>
    <ClInclude Include="Test.h">
      <Filter>ヘッダー ファイル</Filter>
    </ClInclude>
    <ClInclude Include="SpectatorCamera.h">
      <Filter>ヘッダー ファイル</Filter>
    </ClInclude>
    <ClInclude Include="Application.h">
      <Filter>ヘッダー ファイル\PrivateSystem</Filter>
    </ClInclude>
    <ClInclude Include="modelRenderer.h">
      <Filter>ヘッダー ファイル\PrivateSystem</Filter>
    </ClInclude>
    <ClInclude Include="EachFunction.h">
      <Filter>ヘッダー ファイル\PrivateSystem</Filter>
    </ClInclude>
    <ClInclude Include="Camera.h">
      <Filter>ヘッダー ファイル\PublicSystem\Inheritance"EachFunction"</Filter>
    </ClInclude>
    <ClInclude Include="Transform.h">
      <Filter>ヘッダー ファイル\PublicSystem\Inheritance"EachFunction"</Filter>
    </ClInclude>
    <ClInclude Include="GameObject.h">
      <Filter>ヘッダー ファイル\PrivateSystem</Filter>
    </ClInclude>
    <ClInclude Include="Vector2.h">
      <Filter>ヘッダー ファイル</Filter>
    </ClInclude>
    <ClInclude Include="MouseInput.h">
      <Filter>ヘッダー ファイル</Filter>
    </ClInclude>
    <ClInclude Include="BoxCollider.h">
      <Filter>ヘッダー ファイル</Filter>
    </ClInclude>
    <ClInclude Include="Test2.h">
      <Filter>ヘッダー ファイル</Filter>
    </ClInclude>
    <ClInclude Include="CalculationHit.h">
      <Filter>ヘッダー ファイル</Filter>
    </ClInclude>
    <ClInclude Include="yUno_MouseInputManager.h">
      <Filter>ヘッダー ファイル\yUno_SystemManager</Filter>
    </ClInclude>
    <ClInclude Include="ScreenInput.h">
      <Filter>ヘッダー ファイル\PublicSystem</Filter>
    </ClInclude>
  </ItemGroup>
</Project>